{
  "version": 4,
  "terraform_version": "1.7.4",
  "serial": 7,
  "lineage": "a89437f2-b5ee-32cd-ab47-d79abc1f2648",
  "outputs": {},
  "resources": [
    {
      "mode": "data",
      "type": "spotify_search_track",
      "name": "artist",
      "provider": "provider[\"registry.terraform.io/conradludgate/spotify\"]",
      "instances": [
        {
          "schema_version": 0,
          "attributes": {
            "album": null,
            "artist": "Eminem ",
            "explicit": true,
            "id": "1725631666",
            "limit": 10,
            "name": null,
            "tracks": [
              {
                "album": "6Xuu2z00jxRPZei4IJ9neK",
                "artists": [
                  "7dGJo4pcD2V6oG8kP0tJRR"
                ],
                "id": "2HYFX63wP3otVIvopRS99Z",
                "name": "Houdini"
              },
              {
                "album": "1kTlYbs28MXw7hwO0NLYif",
                "artists": [
                  "7dGJo4pcD2V6oG8kP0tJRR"
                ],
                "id": "561jH07mF1jHuk7KlaeF0s",
                "name": "Mockingbird"
              },
              {
                "album": "47BiFcV59TQi2s9SkBo2pb",
                "artists": [
                  "7dGJo4pcD2V6oG8kP0tJRR",
                  "5pKCCKE2ajJHZ9KAiaK11H"
                ],
                "id": "15JINEqzVMv3SvJTAXAKED",
                "name": "Love The Way You Lie"
              },
              {
                "album": "2cWBwpqMsDJC1ZUwz813lo",
                "artists": [
                  "7dGJo4pcD2V6oG8kP0tJRR"
                ],
                "id": "7lQ8MOhq6IN2w8EYcFNSUk",
                "name": "Without Me"
              },
              {
                "album": "2cWBwpqMsDJC1ZUwz813lo",
                "artists": [
                  "7dGJo4pcD2V6oG8kP0tJRR",
                  "5jNmxPYz8QE5rYp4GDil8t"
                ],
                "id": "4woTEX1wYOTGDqNXuavlRC",
                "name": "Superman"
              },
              {
                "album": "4otkd9As6YaxxEkIjXPiZ6",
                "artists": [
                  "7dGJo4pcD2V6oG8kP0tJRR",
                  "4MCBfE4596Uoi2O4DtmEMz"
                ],
                "id": "7FIWs0pqAYbP91WWM0vlTQ",
                "name": "Godzilla (feat. Juice WRLD)"
              },
              {
                "album": "6t7956yu5zYf5A829XRiHC",
                "artists": [
                  "7dGJo4pcD2V6oG8kP0tJRR",
                  "2mpeljBig2IXLXRAFO9AAs"
                ],
                "id": "3UmaczJpikHgJFyBTAJVoz",
                "name": "Stan"
              },
              {
                "album": "6t7956yu5zYf5A829XRiHC",
                "artists": [
                  "7dGJo4pcD2V6oG8kP0tJRR"
                ],
                "id": "3yfqSUWxFvZELEM4PmlwIR",
                "name": "The Real Slim Shady"
              },
              {
                "album": "2cWBwpqMsDJC1ZUwz813lo",
                "artists": [
                  "7dGJo4pcD2V6oG8kP0tJRR",
                  "1Oa0bMld0A3u5OTYfMzp5h"
                ],
                "id": "4xkOaSrkexMciUUogZKVTS",
                "name": "Till I Collapse"
              },
              {
                "album": "6kzoWb4UzvKYgbDfAwgaFq",
                "artists": [
                  "0z4gvV4rjIZ9wHck67ucSV",
                  "7dGJo4pcD2V6oG8kP0tJRR"
                ],
                "id": "2kQuhkFX7uSVepCD3h29g5",
                "name": "Smack That"
              }
            ],
            "year": null
          },
          "sensitive_attributes": []
        }
      ]
    },
    {
      "mode": "managed",
      "type": "spotify_playlist",
      "name": "Bollywood_playlist",
      "provider": "provider[\"registry.terraform.io/conradludgate/spotify\"]",
      "instances": [
        {
          "schema_version": 0,
          "attributes": {
            "description": "",
            "id": "5OxOTQjgR8zooh6h9I0vAJ",
            "name": "Bollywood",
            "public": true,
            "snapshot_id": "AAAAA+4MZZgasTY11zXOeKQBmoJhoI6H",
            "tracks": [
              "131yybV7A3TmC34a0qE8u8",
              "5UivuAWteghGcxElCwX7Pk"
            ]
          },
          "sensitive_attributes": [],
          "private": "bnVsbA=="
        }
      ]
    },
    {
      "mode": "managed",
      "type": "spotify_playlist",
      "name": "Rap_music",
      "provider": "provider[\"registry.terraform.io/conradludgate/spotify\"]",
      "instances": [
        {
          "schema_version": 0,
          "attributes": {
            "description": "",
            "id": "5juGJsLKRHZCDcx22PnDBM",
            "name": "RAAP music",
            "public": true,
            "snapshot_id": "AAAAAlS9honeegmaGn26J6U5+9ll14jM",
            "tracks": [
              "3yfqSUWxFvZELEM4PmlwIR",
              "386RUes7n1uM1yfzgeUuwp"
            ]
          },
          "sensitive_attributes": [],
          "private": "bnVsbA=="
        }
      ]
    },
    {
      "mode": "managed",
      "type": "spotify_playlist",
      "name": "slimshady",
      "provider": "provider[\"registry.terraform.io/conradludgate/spotify\"]",
      "instances": [
        {
          "schema_version": 0,
          "attributes": {
            "description": "This playlist was created by Terraform",
            "id": "4pG7YZtaXtwG50A2g4T2FT",
            "name": "Slim Shady",
            "public": true,
            "snapshot_id": "AAAAApAuOTCRjIggwm/ZXdL0bY2Rm5eO",
            "tracks": [
              "2HYFX63wP3otVIvopRS99Z",
              "561jH07mF1jHuk7KlaeF0s",
              "15JINEqzVMv3SvJTAXAKED",
              "7lQ8MOhq6IN2w8EYcFNSUk",
              "4woTEX1wYOTGDqNXuavlRC"
            ]
          },
          "sensitive_attributes": [],
          "private": "bnVsbA==",
          "dependencies": [
            "data.spotify_search_track.artist"
          ]
        }
      ]
    }
  ],
  "check_results": null
}
